Microsoft Visual Studio Solution File, Format Version 12.00
# Visual Studio Version 17
VisualStudioVersion = 17.5.2.0
MinimumVisualStudioVersion = 10.0.40219.1
Project("{2150E333-8FDC-42A3-9474-1A3956D46DE8}") = "problems", "problems", "{BEC6521A-F901-2BBF-F273-35A4FDC6E8A1}"
EndProject
Project("{2150E333-8FDC-42A3-9474-1A3956D46DE8}") = "practice", "practice", "{2ED053BA-69DC-63B7-65C3-7E6A6D8EC971}"
EndProject
Project("{FAE04EC0-301F-11D3-BF4B-00C04F79EFBC}") = "Program", "problems\practice\a\Program.csproj", "{D29E88D9-0B94-1C79-5D7D-56796D7B9C17}"
EndProject
Global
	GlobalSection(SolutionConfigurationPlatforms) = preSolution
		Debug|Any CPU = Debug|Any CPU
		Release|Any CPU = Release|Any CPU
	EndGlobalSection
	GlobalSection(ProjectConfigurationPlatforms) = postSolution
		{D29E88D9-0B94-1C79-5D7D-56796D7B9C17}.Debug|Any CPU.ActiveCfg = Debug|Any CPU
		{D29E88D9-0B94-1C79-5D7D-56796D7B9C17}.Debug|Any CPU.Build.0 = Debug|Any CPU
		{D29E88D9-0B94-1C79-5D7D-56796D7B9C17}.Release|Any CPU.ActiveCfg = Release|Any CPU
		{D29E88D9-0B94-1C79-5D7D-56796D7B9C17}.Release|Any CPU.Build.0 = Release|Any CPU
	EndGlobalSection
	GlobalSection(SolutionProperties) = preSolution
		HideSolutionNode = FALSE
	EndGlobalSection
	GlobalSection(NestedProjects) = preSolution
		{2ED053BA-69DC-63B7-65C3-7E6A6D8EC971} = {BEC6521A-F901-2BBF-F273-35A4FDC6E8A1}
		{D29E88D9-0B94-1C79-5D7D-56796D7B9C17} = {2ED053BA-69DC-63B7-65C3-7E6A6D8EC971}
	EndGlobalSection
	GlobalSection(ExtensibilityGlobals) = postSolution
		SolutionGuid = {EC898E4E-CCB7-4367-9A4A-3792041A3FD8}
	EndGlobalSection
EndGlobal